
Microsoft Visual Studio Solution File, Format Version 12.00
# Visual Studio Version 17
VisualStudioVersion = 17.10.34916.146
MinimumVisualStudioVersion = 10.0.40219.1
Project("{FAE04EC0-301F-11D3-BF4B-00C04F79EFBC}") = "BioSync.API", "BioSync.API\BioSync.API.csproj", "{7BBD3EE0-E42C-4211-B5B3-88952F360F87}"
	ProjectSection(ProjectDependencies) = postProject
		{60EF2491-31ED-4564-85DF-5A3393D157C4} = {60EF2491-31ED-4564-85DF-5A3393D157C4}
		{E1597764-7BDD-4BB9-9342-68BAE78ED7A7} = {E1597764-7BDD-4BB9-9342-68BAE78ED7A7}
	EndProjectSection
EndProject
Project("{FAE04EC0-301F-11D3-BF4B-00C04F79EFBC}") = "BioSync.Application", "BioSync.Application\BioSync.Application.csproj", "{E1597764-7BDD-4BB9-9342-68BAE78ED7A7}"
	ProjectSection(ProjectDependencies) = postProject
		{60EF2491-31ED-4564-85DF-5A3393D157C4} = {60EF2491-31ED-4564-85DF-5A3393D157C4}
		{F819CD11-614A-433F-A3E7-59FEA627E726} = {F819CD11-614A-433F-A3E7-59FEA627E726}
	EndProjectSection
EndProject
Project("{FAE04EC0-301F-11D3-BF4B-00C04F79EFBC}") = "BioSync.Domain", "BioSync.Domain\BioSync.Domain.csproj", "{F819CD11-614A-433F-A3E7-59FEA627E726}"
EndProject
Project("{FAE04EC0-301F-11D3-BF4B-00C04F79EFBC}") = "BioSync.Domain.Test", "BioSync.Domain.Test\BioSync.Domain.Test.csproj", "{AFBA0F6B-ED3C-4C55-8CED-58CF4C5B6F02}"
	ProjectSection(ProjectDependencies) = postProject
		{F819CD11-614A-433F-A3E7-59FEA627E726} = {F819CD11-614A-433F-A3E7-59FEA627E726}
	EndProjectSection
EndProject
Project("{FAE04EC0-301F-11D3-BF4B-00C04F79EFBC}") = "BioSync.Infra.Data", "BioSync.Infra.Data\BioSync.Infra.Data.csproj", "{B92AC60F-3A15-49F5-8CD8-02EDF66031F1}"
EndProject
Project("{FAE04EC0-301F-11D3-BF4B-00C04F79EFBC}") = "BioSync.Infra.IoC", "BioSync.Infra.IoC\BioSync.Infra.IoC.csproj", "{60EF2491-31ED-4564-85DF-5A3393D157C4}"
	ProjectSection(ProjectDependencies) = postProject
		{B92AC60F-3A15-49F5-8CD8-02EDF66031F1} = {B92AC60F-3A15-49F5-8CD8-02EDF66031F1}
	EndProjectSection
EndProject
Global
	GlobalSection(SolutionConfigurationPlatforms) = preSolution
		Debug|Any CPU = Debug|Any CPU
		Release|Any CPU = Release|Any CPU
	EndGlobalSection
	GlobalSection(ProjectConfigurationPlatforms) = postSolution
		{7BBD3EE0-E42C-4211-B5B3-88952F360F87}.Debug|Any CPU.ActiveCfg = Debug|Any CPU
		{7BBD3EE0-E42C-4211-B5B3-88952F360F87}.Debug|Any CPU.Build.0 = Debug|Any CPU
		{7BBD3EE0-E42C-4211-B5B3-88952F360F87}.Release|Any CPU.ActiveCfg = Release|Any CPU
		{7BBD3EE0-E42C-4211-B5B3-88952F360F87}.Release|Any CPU.Build.0 = Release|Any CPU
		{E1597764-7BDD-4BB9-9342-68BAE78ED7A7}.Debug|Any CPU.ActiveCfg = Debug|Any CPU
		{E1597764-7BDD-4BB9-9342-68BAE78ED7A7}.Debug|Any CPU.Build.0 = Debug|Any CPU
		{E1597764-7BDD-4BB9-9342-68BAE78ED7A7}.Release|Any CPU.ActiveCfg = Release|Any CPU
		{E1597764-7BDD-4BB9-9342-68BAE78ED7A7}.Release|Any CPU.Build.0 = Release|Any CPU
		{F819CD11-614A-433F-A3E7-59FEA627E726}.Debug|Any CPU.ActiveCfg = Debug|Any CPU
		{F819CD11-614A-433F-A3E7-59FEA627E726}.Debug|Any CPU.Build.0 = Debug|Any CPU
		{F819CD11-614A-433F-A3E7-59FEA627E726}.Release|Any CPU.ActiveCfg = Release|Any CPU
		{F819CD11-614A-433F-A3E7-59FEA627E726}.Release|Any CPU.Build.0 = Release|Any CPU
		{AFBA0F6B-ED3C-4C55-8CED-58CF4C5B6F02}.Debug|Any CPU.ActiveCfg = Debug|Any CPU
		{AFBA0F6B-ED3C-4C55-8CED-58CF4C5B6F02}.Debug|Any CPU.Build.0 = Debug|Any CPU
		{AFBA0F6B-ED3C-4C55-8CED-58CF4C5B6F02}.Release|Any CPU.ActiveCfg = Release|Any CPU
		{AFBA0F6B-ED3C-4C55-8CED-58CF4C5B6F02}.Release|Any CPU.Build.0 = Release|Any CPU
		{B92AC60F-3A15-49F5-8CD8-02EDF66031F1}.Debug|Any CPU.ActiveCfg = Debug|Any CPU
		{B92AC60F-3A15-49F5-8CD8-02EDF66031F1}.Debug|Any CPU.Build.0 = Debug|Any CPU
		{B92AC60F-3A15-49F5-8CD8-02EDF66031F1}.Release|Any CPU.ActiveCfg = Release|Any CPU
		{B92AC60F-3A15-49F5-8CD8-02EDF66031F1}.Release|Any CPU.Build.0 = Release|Any CPU
		{60EF2491-31ED-4564-85DF-5A3393D157C4}.Debug|Any CPU.ActiveCfg = Debug|Any CPU
		{60EF2491-31ED-4564-85DF-5A3393D157C4}.Debug|Any CPU.Build.0 = Debug|Any CPU
		{60EF2491-31ED-4564-85DF-5A3393D157C4}.Release|Any CPU.ActiveCfg = Release|Any CPU
		{60EF2491-31ED-4564-85DF-5A3393D157C4}.Release|Any CPU.Build.0 = Release|Any CPU
	EndGlobalSection
	GlobalSection(SolutionProperties) = preSolution
		HideSolutionNode = FALSE
	EndGlobalSection
	GlobalSection(ExtensibilityGlobals) = postSolution
		SolutionGuid = {FF880410-8152-4D04-B6A9-5BC6B0D32279}
	EndGlobalSection
EndGlobal
